
Microsoft Visual Studio Solution File, Format Version 12.00
# Visual Studio 15
VisualStudioVersion = 15.0.26906.1
MinimumVisualStudioVersion = 10.0.40219.1
Project("{2150E333-8FDC-42A3-9474-1A3956D46DE8}") = "01SiteApplication 站点", "01SiteApplication 站点", "{7990F16B-41D8-4D53-AE44-CAD41B7157C7}"
EndProject
Project("{2150E333-8FDC-42A3-9474-1A3956D46DE8}") = "08Utility 辅助组件", "08Utility 辅助组件", "{165EA287-3158-422D-B9C3-25EC4CB71258}"
EndProject
Project("{2150E333-8FDC-42A3-9474-1A3956D46DE8}") = "06Service 业务逻辑", "06Service 业务逻辑", "{F58A893D-4AAE-4A8C-90AE-97FDBA4E3EE6}"
EndProject
Project("{2150E333-8FDC-42A3-9474-1A3956D46DE8}") = "07DAL 数据访问", "07DAL 数据访问", "{DBD920CF-10A7-4DA8-A528-16573863361A}"
EndProject
Project("{2150E333-8FDC-42A3-9474-1A3956D46DE8}") = "02MainGrpcService 站点服务", "02MainGrpcService 站点服务", "{7D6F00D2-DCE7-4551-85DA-9738864943D9}"
EndProject
Project("{2150E333-8FDC-42A3-9474-1A3956D46DE8}") = "05Model 实体", "05Model 实体", "{A1E3DC45-703F-481D-AE7C-3EF03D52D1EC}"
EndProject
Project("{9A19103F-16F7-4668-BE54-9A1E7A4F7556}") = "ECP.B2b.AttributeModel", "05Model\ECP.B2b.AttributeModel\ECP.B2b.AttributeModel.csproj", "{0CF9FE36-08C3-4A60-939F-17C17C5FDF5C}"
EndProject
Project("{9A19103F-16F7-4668-BE54-9A1E7A4F7556}") = "ECP.B2b.ModelDto", "05Model\ECP.B2b.ModelDto\ECP.B2b.ModelDto.csproj", "{4F38721A-C839-4BB7-8A20-383BD816C391}"
EndProject
Project("{9A19103F-16F7-4668-BE54-9A1E7A4F7556}") = "ECP.B2b.DAL", "07DAL\ECP.B2b.DAL\ECP.B2b.DAL.csproj", "{E5B53A73-2F24-44D9-AEDE-8AA862074C58}"
EndProject
Project("{9A19103F-16F7-4668-BE54-9A1E7A4F7556}") = "ECP.B2b.EF", "07DAL\ECP.B2b.EF\ECP.B2b.EF.csproj", "{A86AF33C-469F-47C8-B168-444FA0B66E90}"
EndProject
Project("{9A19103F-16F7-4668-BE54-9A1E7A4F7556}") = "ECP.Util.Common", "08Utility\ECP.Util.Common\ECP.Util.Common.csproj", "{C9F428E0-218E-4348-9D24-2BD3FE9098EB}"
EndProject
Project("{9A19103F-16F7-4668-BE54-9A1E7A4F7556}") = "ECP.Util.Grpc", "08Utility\ECP.Util.Grpc\ECP.Util.Grpc.csproj", "{29F25A1E-A00B-4EF6-BFE2-860996FE280E}"
EndProject
Project("{2150E333-8FDC-42A3-9474-1A3956D46DE8}") = "09ConfigDc 配置中心", "09ConfigDc 配置中心", "{14460466-FDCD-46D9-A438-031F304C5F05}"
EndProject
Project("{9A19103F-16F7-4668-BE54-9A1E7A4F7556}") = "ECP.Util.ConfigDc.GrpcClient", "09ConfigDc\ECP.Util.ConfigDc.GrpcClient\ECP.Util.ConfigDc.GrpcClient.csproj", "{58AAA5F3-D0B2-4439-BEEB-14782F048E55}"
EndProject
Project("{9A19103F-16F7-4668-BE54-9A1E7A4F7556}") = "ECP.Util.ConfigDc.GrpcProxy", "09ConfigDc\ECP.Util.ConfigDc.GrpcProxy\ECP.Util.ConfigDc.GrpcProxy.csproj", "{B809BDAF-B07F-49D1-8477-2108EB9D9FD1}"
EndProject
Project("{2150E333-8FDC-42A3-9474-1A3956D46DE8}") = "10UnitTest 测试", "10UnitTest 测试", "{AD71CBE1-90F3-483A-B884-BAFDDB872DE3}"
EndProject
Project("{9A19103F-16F7-4668-BE54-9A1E7A4F7556}") = "ConsoleAppTest", "10UnitTest\ConsoleAppTest\ConsoleAppTest.csproj", "{F8E2DE36-1E8A-4A35-801E-9416A0C1C63A}"
EndProject
Project("{9A19103F-16F7-4668-BE54-9A1E7A4F7556}") = "UnitTestProject", "10UnitTest\UnitTestProject\UnitTestProject.csproj", "{E84565BE-9361-443F-A008-9F69A571FAFE}"
EndProject
Project("{9A19103F-16F7-4668-BE54-9A1E7A4F7556}") = "ECP.Util.ConfigDc.GrpcServer", "09ConfigDc\ECP.Util.ConfigDc.GrpcServer\ECP.Util.ConfigDc.GrpcServer.csproj", "{38DE3186-842E-44BF-880D-7C312F82BCDC}"
EndProject
Project("{9A19103F-16F7-4668-BE54-9A1E7A4F7556}") = "ECP.B2b.Service", "06Service\ECP.B2b.Service\ECP.B2b.Service.csproj", "{0A98923B-2463-4727-AD33-E6D73E5C2D46}"
EndProject
Project("{9A19103F-16F7-4668-BE54-9A1E7A4F7556}") = "ECP.B2b.Service.Interface", "06Service\ECP.B2b.Service.Interface\ECP.B2b.Service.Interface.csproj", "{B1D3FE58-FAB8-46A3-8C87-1F178E619A5F}"
EndProject
Project("{9A19103F-16F7-4668-BE54-9A1E7A4F7556}") = "ECP.B2b.DAL.Interface", "07DAL\ECP.B2b.DAL.Interface\ECP.B2b.DAL.Interface.csproj", "{8733975D-729C-4FDC-ABA0-8B425F0A1D29}"
EndProject
Project("{9A19103F-16F7-4668-BE54-9A1E7A4F7556}") = "ECP.B2b.ComEntity", "05Model\ECP.B2b.ComEntity\ECP.B2b.ComEntity.csproj", "{9429D846-CC15-4CDD-A837-8367173DEC43}"
EndProject
Project("{9A19103F-16F7-4668-BE54-9A1E7A4F7556}") = "ECP.B2b.DbExtendModel", "05Model\ECP.B2b.DbExtendModel\ECP.B2b.DbExtendModel.csproj", "{EAE47082-8B8C-4188-A5C0-44FA4C42B21D}"
EndProject
Project("{9A19103F-16F7-4668-BE54-9A1E7A4F7556}") = "ECP.B2b.DbModel", "05Model\ECP.B2b.DbModel\ECP.B2b.DbModel.csproj", "{DF355B50-8FF6-4149-8C40-C7AB338C0B0C}"
EndProject
Project("{9A19103F-16F7-4668-BE54-9A1E7A4F7556}") = "ECP.B2b.Manager", "01SiteApplication\ECP.B2b.Manager\ECP.B2b.Manager.csproj", "{E5C729D8-1B9B-46E4-88B9-26841C34C3AD}"
EndProject
Project("{9A19103F-16F7-4668-BE54-9A1E7A4F7556}") = "ECP.B2b.Main.GrpcClient", "02MainGrpcService\ECP.B2b.Main.GrpcClient\ECP.B2b.Main.GrpcClient.csproj", "{5C8923C1-43D4-4DDC-AB2C-41CC4A8EA306}"
EndProject
Project("{9A19103F-16F7-4668-BE54-9A1E7A4F7556}") = "ECP.B2b.Main.GrpcProxy", "02MainGrpcService\ECP.B2b.Main.GrpcProxy\ECP.B2b.Main.GrpcProxy.csproj", "{8BFC63FD-1A64-4F0C-934E-DED6A5D53B74}"
EndProject
Project("{9A19103F-16F7-4668-BE54-9A1E7A4F7556}") = "ECP.B2b.Main.GrpcServer", "02MainGrpcService\ECP.B2b.Main.GrpcServer\ECP.B2b.Main.GrpcServer.csproj", "{9AA74EDD-BBEF-4062-B02E-90AC0EB0A081}"
EndProject
Project("{9A19103F-16F7-4668-BE54-9A1E7A4F7556}") = "ECP.B2b.Main.GrpcService", "02MainGrpcService\ECP.B2b.Main.GrpcService\ECP.B2b.Main.GrpcService.csproj", "{72A617B8-EB98-403D-984C-1AD24A2C12B7}"
EndProject
Project("{9A19103F-16F7-4668-BE54-9A1E7A4F7556}") = "ECP.Util.AutofacIoc", "08Utility\ECP.Util.AutofacIoc\ECP.Util.AutofacIoc.csproj", "{3DE2109A-36C1-440A-BB89-459ABE74828E}"
EndProject
Project("{9A19103F-16F7-4668-BE54-9A1E7A4F7556}") = "ECP.B2b.Main.GrpcClient.Interface", "02MainGrpcService\ECP.B2b.Main.GrpcClient.Interface\ECP.B2b.Main.GrpcClient.Interface.csproj", "{AFF9D33D-716B-468B-BE06-E7AF9C3C1E41}"
EndProject
Project("{9A19103F-16F7-4668-BE54-9A1E7A4F7556}") = "ECP.B2b.ClientRegisterModuleIoc", "08Utility\ECP.B2b.ClientRegisterModuleIoc\ECP.B2b.ClientRegisterModuleIoc.csproj", "{0A0F7EF2-0898-4D1D-80DB-9AAF03EDC325}"
EndProject
Project("{9A19103F-16F7-4668-BE54-9A1E7A4F7556}") = "ECP.B2b.ServerRegisterModuleIoc", "08Utility\ECP.B2b.ServerRegisterModuleIoc\ECP.B2b.ServerRegisterModuleIoc.csproj", "{2A6AB580-1DEC-4374-B40C-8D52CB763E6F}"
EndProject
Project("{9A19103F-16F7-4668-BE54-9A1E7A4F7556}") = "ECP.Util.HtmlHelper", "ECP.Util.HtmlHelper\ECP.Util.HtmlHelper.csproj", "{7C2AFE34-2C0F-4770-ABD7-3C0FE1D0E25B}"
EndProject
Project("{9A19103F-16F7-4668-BE54-9A1E7A4F7556}") = "ECP.B2b.Main.GrpcClientGroup.Interface", "ECP.B2b.Main.GrpcClientGroup.Interface\ECP.B2b.Main.GrpcClientGroup.Interface.csproj", "{A7B956D1-4F6C-4D35-915F-112AE7946675}"
EndProject
Project("{9A19103F-16F7-4668-BE54-9A1E7A4F7556}") = "ECP.B2b.Main.GrpcClientGroup", "ECP.B2b.Main.GrpcClientGroup\ECP.B2b.Main.GrpcClientGroup.csproj", "{24477268-E693-48F0-9726-88C3E83A7625}"
EndProject
Project("{9A19103F-16F7-4668-BE54-9A1E7A4F7556}") = "ECP.B2B.Issuer", "ECP.B2B.Issuer\ECP.B2B.Issuer.csproj", "{EC96DB1B-E6D2-4224-A409-CD3586A16731}"
EndProject
Project("{9A19103F-16F7-4668-BE54-9A1E7A4F7556}") = "ECP.Util.Jwt", "ECP.Util.Jwt\ECP.Util.Jwt.csproj", "{0BABEA5A-6275-41FD-B4F2-374A4CD1BE6B}"
EndProject
Project("{9A19103F-16F7-4668-BE54-9A1E7A4F7556}") = "ECP.Util.ConfigDc.Helper", "ECP.Util.ConfigDc.Helper\ECP.Util.ConfigDc.Helper.csproj", "{B617D768-7D25-49F3-B343-474ECB629875}"
EndProject
Project("{2150E333-8FDC-42A3-9474-1A3956D46DE8}") = "11ApiSdk 接口SDK", "11ApiSdk 接口SDK", "{AB7BFC7E-A55A-43E9-8EA9-5E7D6FBA6537}"
EndProject
Project("{9A19103F-16F7-4668-BE54-9A1E7A4F7556}") = "ECP_B2B_API_SDK", "ECP_B2B_API_SDK\ECP_B2B_API_SDK.csproj", "{03C921D4-B1A9-4BD5-90F2-CB6C1A6DF143}"
EndProject
Project("{9A19103F-16F7-4668-BE54-9A1E7A4F7556}") = "ECP.B2b.DBUtility", "ECP.B2b.DBUtility\ECP.B2b.DBUtility.csproj", "{0439F834-ED9E-4967-B47F-09A656D8C822}"
EndProject
Global
	GlobalSection(SolutionConfigurationPlatforms) = preSolution
		Debug|Any CPU = Debug|Any CPU
		Debug|x86 = Debug|x86
		Release|Any CPU = Release|Any CPU
		Release|x86 = Release|x86
	EndGlobalSection
	GlobalSection(ProjectConfigurationPlatforms) = postSolution
		{0CF9FE36-08C3-4A60-939F-17C17C5FDF5C}.Debug|Any CPU.ActiveCfg = Debug|Any CPU
		{0CF9FE36-08C3-4A60-939F-17C17C5FDF5C}.Debug|Any CPU.Build.0 = Debug|Any CPU
		{0CF9FE36-08C3-4A60-939F-17C17C5FDF5C}.Debug|x86.ActiveCfg = Debug|Any CPU
		{0CF9FE36-08C3-4A60-939F-17C17C5FDF5C}.Debug|x86.Build.0 = Debug|Any CPU
		{0CF9FE36-08C3-4A60-939F-17C17C5FDF5C}.Release|Any CPU.ActiveCfg = Release|Any CPU
		{0CF9FE36-08C3-4A60-939F-17C17C5FDF5C}.Release|Any CPU.Build.0 = Release|Any CPU
		{0CF9FE36-08C3-4A60-939F-17C17C5FDF5C}.Release|x86.ActiveCfg = Release|Any CPU
		{0CF9FE36-08C3-4A60-939F-17C17C5FDF5C}.Release|x86.Build.0 = Release|Any CPU
		{4F38721A-C839-4BB7-8A20-383BD816C391}.Debug|Any CPU.ActiveCfg = Debug|Any CPU
		{4F38721A-C839-4BB7-8A20-383BD816C391}.Debug|Any CPU.Build.0 = Debug|Any CPU
		{4F38721A-C839-4BB7-8A20-383BD816C391}.Debug|x86.ActiveCfg = Debug|Any CPU
		{4F38721A-C839-4BB7-8A20-383BD816C391}.Debug|x86.Build.0 = Debug|Any CPU
		{4F38721A-C839-4BB7-8A20-383BD816C391}.Release|Any CPU.ActiveCfg = Release|Any CPU
		{4F38721A-C839-4BB7-8A20-383BD816C391}.Release|Any CPU.Build.0 = Release|Any CPU
		{4F38721A-C839-4BB7-8A20-383BD816C391}.Release|x86.ActiveCfg = Release|Any CPU
		{4F38721A-C839-4BB7-8A20-383BD816C391}.Release|x86.Build.0 = Release|Any CPU
		{E5B53A73-2F24-44D9-AEDE-8AA862074C58}.Debug|Any CPU.ActiveCfg = Debug|Any CPU
		{E5B53A73-2F24-44D9-AEDE-8AA862074C58}.Debug|Any CPU.Build.0 = Debug|Any CPU
		{E5B53A73-2F24-44D9-AEDE-8AA862074C58}.Debug|x86.ActiveCfg = Debug|Any CPU
		{E5B53A73-2F24-44D9-AEDE-8AA862074C58}.Debug|x86.Build.0 = Debug|Any CPU
		{E5B53A73-2F24-44D9-AEDE-8AA862074C58}.Release|Any CPU.ActiveCfg = Release|Any CPU
		{E5B53A73-2F24-44D9-AEDE-8AA862074C58}.Release|Any CPU.Build.0 = Release|Any CPU
		{E5B53A73-2F24-44D9-AEDE-8AA862074C58}.Release|x86.ActiveCfg = Release|Any CPU
		{E5B53A73-2F24-44D9-AEDE-8AA862074C58}.Release|x86.Build.0 = Release|Any CPU
		{A86AF33C-469F-47C8-B168-444FA0B66E90}.Debug|Any CPU.ActiveCfg = Debug|Any CPU
		{A86AF33C-469F-47C8-B168-444FA0B66E90}.Debug|Any CPU.Build.0 = Debug|Any CPU
		{A86AF33C-469F-47C8-B168-444FA0B66E90}.Debug|x86.ActiveCfg = Debug|Any CPU
		{A86AF33C-469F-47C8-B168-444FA0B66E90}.Debug|x86.Build.0 = Debug|Any CPU
		{A86AF33C-469F-47C8-B168-444FA0B66E90}.Release|Any CPU.ActiveCfg = Release|Any CPU
		{A86AF33C-469F-47C8-B168-444FA0B66E90}.Release|Any CPU.Build.0 = Release|Any CPU
		{A86AF33C-469F-47C8-B168-444FA0B66E90}.Release|x86.ActiveCfg = Release|Any CPU
		{A86AF33C-469F-47C8-B168-444FA0B66E90}.Release|x86.Build.0 = Release|Any CPU
		{C9F428E0-218E-4348-9D24-2BD3FE9098EB}.Debug|Any CPU.ActiveCfg = Debug|Any CPU
		{C9F428E0-218E-4348-9D24-2BD3FE9098EB}.Debug|Any CPU.Build.0 = Debug|Any CPU
		{C9F428E0-218E-4348-9D24-2BD3FE9098EB}.Debug|x86.ActiveCfg = Debug|Any CPU
		{C9F428E0-218E-4348-9D24-2BD3FE9098EB}.Debug|x86.Build.0 = Debug|Any CPU
		{C9F428E0-218E-4348-9D24-2BD3FE9098EB}.Release|Any CPU.ActiveCfg = Release|Any CPU
		{C9F428E0-218E-4348-9D24-2BD3FE9098EB}.Release|Any CPU.Build.0 = Release|Any CPU
		{C9F428E0-218E-4348-9D24-2BD3FE9098EB}.Release|x86.ActiveCfg = Release|Any CPU
		{C9F428E0-218E-4348-9D24-2BD3FE9098EB}.Release|x86.Build.0 = Release|Any CPU
		{29F25A1E-A00B-4EF6-BFE2-860996FE280E}.Debug|Any CPU.ActiveCfg = Debug|Any CPU
		{29F25A1E-A00B-4EF6-BFE2-860996FE280E}.Debug|Any CPU.Build.0 = Debug|Any CPU
		{29F25A1E-A00B-4EF6-BFE2-860996FE280E}.Debug|x86.ActiveCfg = Debug|Any CPU
		{29F25A1E-A00B-4EF6-BFE2-860996FE280E}.Debug|x86.Build.0 = Debug|Any CPU
		{29F25A1E-A00B-4EF6-BFE2-860996FE280E}.Release|Any CPU.ActiveCfg = Release|Any CPU
		{29F25A1E-A00B-4EF6-BFE2-860996FE280E}.Release|Any CPU.Build.0 = Release|Any CPU
		{29F25A1E-A00B-4EF6-BFE2-860996FE280E}.Release|x86.ActiveCfg = Release|Any CPU
		{29F25A1E-A00B-4EF6-BFE2-860996FE280E}.Release|x86.Build.0 = Release|Any CPU
		{58AAA5F3-D0B2-4439-BEEB-14782F048E55}.Debug|Any CPU.ActiveCfg = Debug|Any CPU
		{58AAA5F3-D0B2-4439-BEEB-14782F048E55}.Debug|Any CPU.Build.0 = Debug|Any CPU
		{58AAA5F3-D0B2-4439-BEEB-14782F048E55}.Debug|x86.ActiveCfg = Debug|Any CPU
		{58AAA5F3-D0B2-4439-BEEB-14782F048E55}.Debug|x86.Build.0 = Debug|Any CPU
		{58AAA5F3-D0B2-4439-BEEB-14782F048E55}.Release|Any CPU.ActiveCfg = Release|Any CPU
		{58AAA5F3-D0B2-4439-BEEB-14782F048E55}.Release|Any CPU.Build.0 = Release|Any CPU
		{58AAA5F3-D0B2-4439-BEEB-14782F048E55}.Release|x86.ActiveCfg = Release|Any CPU
		{58AAA5F3-D0B2-4439-BEEB-14782F048E55}.Release|x86.Build.0 = Release|Any CPU
		{B809BDAF-B07F-49D1-8477-2108EB9D9FD1}.Debug|Any CPU.ActiveCfg = Debug|Any CPU
		{B809BDAF-B07F-49D1-8477-2108EB9D9FD1}.Debug|Any CPU.Build.0 = Debug|Any CPU
		{B809BDAF-B07F-49D1-8477-2108EB9D9FD1}.Debug|x86.ActiveCfg = Debug|Any CPU
		{B809BDAF-B07F-49D1-8477-2108EB9D9FD1}.Debug|x86.Build.0 = Debug|Any CPU
		{B809BDAF-B07F-49D1-8477-2108EB9D9FD1}.Release|Any CPU.ActiveCfg = Release|Any CPU
		{B809BDAF-B07F-49D1-8477-2108EB9D9FD1}.Release|Any CPU.Build.0 = Release|Any CPU
		{B809BDAF-B07F-49D1-8477-2108EB9D9FD1}.Release|x86.ActiveCfg = Release|Any CPU
		{B809BDAF-B07F-49D1-8477-2108EB9D9FD1}.Release|x86.Build.0 = Release|Any CPU
		{F8E2DE36-1E8A-4A35-801E-9416A0C1C63A}.Debug|Any CPU.ActiveCfg = Debug|Any CPU
		{F8E2DE36-1E8A-4A35-801E-9416A0C1C63A}.Debug|Any CPU.Build.0 = Debug|Any CPU
		{F8E2DE36-1E8A-4A35-801E-9416A0C1C63A}.Debug|x86.ActiveCfg = Debug|Any CPU
		{F8E2DE36-1E8A-4A35-801E-9416A0C1C63A}.Debug|x86.Build.0 = Debug|Any CPU
		{F8E2DE36-1E8A-4A35-801E-9416A0C1C63A}.Release|Any CPU.ActiveCfg = Release|Any CPU
		{F8E2DE36-1E8A-4A35-801E-9416A0C1C63A}.Release|Any CPU.Build.0 = Release|Any CPU
		{F8E2DE36-1E8A-4A35-801E-9416A0C1C63A}.Release|x86.ActiveCfg = Release|Any CPU
		{F8E2DE36-1E8A-4A35-801E-9416A0C1C63A}.Release|x86.Build.0 = Release|Any CPU
		{E84565BE-9361-443F-A008-9F69A571FAFE}.Debug|Any CPU.ActiveCfg = Debug|Any CPU
		{E84565BE-9361-443F-A008-9F69A571FAFE}.Debug|Any CPU.Build.0 = Debug|Any CPU
		{E84565BE-9361-443F-A008-9F69A571FAFE}.Debug|x86.ActiveCfg = Debug|Any CPU
		{E84565BE-9361-443F-A008-9F69A571FAFE}.Debug|x86.Build.0 = Debug|Any CPU
		{E84565BE-9361-443F-A008-9F69A571FAFE}.Release|Any CPU.ActiveCfg = Release|Any CPU
		{E84565BE-9361-443F-A008-9F69A571FAFE}.Release|Any CPU.Build.0 = Release|Any CPU
		{E84565BE-9361-443F-A008-9F69A571FAFE}.Release|x86.ActiveCfg = Release|Any CPU
		{E84565BE-9361-443F-A008-9F69A571FAFE}.Release|x86.Build.0 = Release|Any CPU
		{38DE3186-842E-44BF-880D-7C312F82BCDC}.Debug|Any CPU.ActiveCfg = Debug|Any CPU
		{38DE3186-842E-44BF-880D-7C312F82BCDC}.Debug|Any CPU.Build.0 = Debug|Any CPU
		{38DE3186-842E-44BF-880D-7C312F82BCDC}.Debug|x86.ActiveCfg = Debug|Any CPU
		{38DE3186-842E-44BF-880D-7C312F82BCDC}.Debug|x86.Build.0 = Debug|Any CPU
		{38DE3186-842E-44BF-880D-7C312F82BCDC}.Release|Any CPU.ActiveCfg = Release|Any CPU
		{38DE3186-842E-44BF-880D-7C312F82BCDC}.Release|Any CPU.Build.0 = Release|Any CPU
		{38DE3186-842E-44BF-880D-7C312F82BCDC}.Release|x86.ActiveCfg = Release|Any CPU
		{38DE3186-842E-44BF-880D-7C312F82BCDC}.Release|x86.Build.0 = Release|Any CPU
		{0A98923B-2463-4727-AD33-E6D73E5C2D46}.Debug|Any CPU.ActiveCfg = Debug|Any CPU
		{0A98923B-2463-4727-AD33-E6D73E5C2D46}.Debug|Any CPU.Build.0 = Debug|Any CPU
		{0A98923B-2463-4727-AD33-E6D73E5C2D46}.Debug|x86.ActiveCfg = Debug|Any CPU
		{0A98923B-2463-4727-AD33-E6D73E5C2D46}.Debug|x86.Build.0 = Debug|Any CPU
		{0A98923B-2463-4727-AD33-E6D73E5C2D46}.Release|Any CPU.ActiveCfg = Release|Any CPU
		{0A98923B-2463-4727-AD33-E6D73E5C2D46}.Release|Any CPU.Build.0 = Release|Any CPU
		{0A98923B-2463-4727-AD33-E6D73E5C2D46}.Release|x86.ActiveCfg = Release|Any CPU
		{0A98923B-2463-4727-AD33-E6D73E5C2D46}.Release|x86.Build.0 = Release|Any CPU
		{B1D3FE58-FAB8-46A3-8C87-1F178E619A5F}.Debug|Any CPU.ActiveCfg = Debug|Any CPU
		{B1D3FE58-FAB8-46A3-8C87-1F178E619A5F}.Debug|Any CPU.Build.0 = Debug|Any CPU
		{B1D3FE58-FAB8-46A3-8C87-1F178E619A5F}.Debug|x86.ActiveCfg = Debug|Any CPU
		{B1D3FE58-FAB8-46A3-8C87-1F178E619A5F}.Debug|x86.Build.0 = Debug|Any CPU
		{B1D3FE58-FAB8-46A3-8C87-1F178E619A5F}.Release|Any CPU.ActiveCfg = Release|Any CPU
		{B1D3FE58-FAB8-46A3-8C87-1F178E619A5F}.Release|Any CPU.Build.0 = Release|Any CPU
		{B1D3FE58-FAB8-46A3-8C87-1F178E619A5F}.Release|x86.ActiveCfg = Release|Any CPU
		{B1D3FE58-FAB8-46A3-8C87-1F178E619A5F}.Release|x86.Build.0 = Release|Any CPU
		{8733975D-729C-4FDC-ABA0-8B425F0A1D29}.Debug|Any CPU.ActiveCfg = Debug|Any CPU
		{8733975D-729C-4FDC-ABA0-8B425F0A1D29}.Debug|Any CPU.Build.0 = Debug|Any CPU
		{8733975D-729C-4FDC-ABA0-8B425F0A1D29}.Debug|x86.ActiveCfg = Debug|Any CPU
		{8733975D-729C-4FDC-ABA0-8B425F0A1D29}.Debug|x86.Build.0 = Debug|Any CPU
		{8733975D-729C-4FDC-ABA0-8B425F0A1D29}.Release|Any CPU.ActiveCfg = Release|Any CPU
		{8733975D-729C-4FDC-ABA0-8B425F0A1D29}.Release|Any CPU.Build.0 = Release|Any CPU
		{8733975D-729C-4FDC-ABA0-8B425F0A1D29}.Release|x86.ActiveCfg = Release|Any CPU
		{8733975D-729C-4FDC-ABA0-8B425F0A1D29}.Release|x86.Build.0 = Release|Any CPU
		{9429D846-CC15-4CDD-A837-8367173DEC43}.Debug|Any CPU.ActiveCfg = Debug|Any CPU
		{9429D846-CC15-4CDD-A837-8367173DEC43}.Debug|Any CPU.Build.0 = Debug|Any CPU
		{9429D846-CC15-4CDD-A837-8367173DEC43}.Debug|x86.ActiveCfg = Debug|Any CPU
		{9429D846-CC15-4CDD-A837-8367173DEC43}.Debug|x86.Build.0 = Debug|Any CPU
		{9429D846-CC15-4CDD-A837-8367173DEC43}.Release|Any CPU.ActiveCfg = Release|Any CPU
		{9429D846-CC15-4CDD-A837-8367173DEC43}.Release|Any CPU.Build.0 = Release|Any CPU
		{9429D846-CC15-4CDD-A837-8367173DEC43}.Release|x86.ActiveCfg = Release|Any CPU
		{9429D846-CC15-4CDD-A837-8367173DEC43}.Release|x86.Build.0 = Release|Any CPU
		{EAE47082-8B8C-4188-A5C0-44FA4C42B21D}.Debug|Any CPU.ActiveCfg = Debug|Any CPU
		{EAE47082-8B8C-4188-A5C0-44FA4C42B21D}.Debug|Any CPU.Build.0 = Debug|Any CPU
		{EAE47082-8B8C-4188-A5C0-44FA4C42B21D}.Debug|x86.ActiveCfg = Debug|Any CPU
		{EAE47082-8B8C-4188-A5C0-44FA4C42B21D}.Debug|x86.Build.0 = Debug|Any CPU
		{EAE47082-8B8C-4188-A5C0-44FA4C42B21D}.Release|Any CPU.ActiveCfg = Release|Any CPU
		{EAE47082-8B8C-4188-A5C0-44FA4C42B21D}.Release|Any CPU.Build.0 = Release|Any CPU
		{EAE47082-8B8C-4188-A5C0-44FA4C42B21D}.Release|x86.ActiveCfg = Release|Any CPU
		{EAE47082-8B8C-4188-A5C0-44FA4C42B21D}.Release|x86.Build.0 = Release|Any CPU
		{DF355B50-8FF6-4149-8C40-C7AB338C0B0C}.Debug|Any CPU.ActiveCfg = Debug|Any CPU
		{DF355B50-8FF6-4149-8C40-C7AB338C0B0C}.Debug|Any CPU.Build.0 = Debug|Any CPU
		{DF355B50-8FF6-4149-8C40-C7AB338C0B0C}.Debug|x86.ActiveCfg = Debug|Any CPU
		{DF355B50-8FF6-4149-8C40-C7AB338C0B0C}.Debug|x86.Build.0 = Debug|Any CPU
		{DF355B50-8FF6-4149-8C40-C7AB338C0B0C}.Release|Any CPU.ActiveCfg = Release|Any CPU
		{DF355B50-8FF6-4149-8C40-C7AB338C0B0C}.Release|Any CPU.Build.0 = Release|Any CPU
		{DF355B50-8FF6-4149-8C40-C7AB338C0B0C}.Release|x86.ActiveCfg = Release|Any CPU
		{DF355B50-8FF6-4149-8C40-C7AB338C0B0C}.Release|x86.Build.0 = Release|Any CPU
		{E5C729D8-1B9B-46E4-88B9-26841C34C3AD}.Debug|Any CPU.ActiveCfg = Debug|Any CPU
		{E5C729D8-1B9B-46E4-88B9-26841C34C3AD}.Debug|Any CPU.Build.0 = Debug|Any CPU
		{E5C729D8-1B9B-46E4-88B9-26841C34C3AD}.Debug|x86.ActiveCfg = Debug|Any CPU
		{E5C729D8-1B9B-46E4-88B9-26841C34C3AD}.Debug|x86.Build.0 = Debug|Any CPU
		{E5C729D8-1B9B-46E4-88B9-26841C34C3AD}.Release|Any CPU.ActiveCfg = Release|Any CPU
		{E5C729D8-1B9B-46E4-88B9-26841C34C3AD}.Release|Any CPU.Build.0 = Release|Any CPU
		{E5C729D8-1B9B-46E4-88B9-26841C34C3AD}.Release|x86.ActiveCfg = Release|Any CPU
		{E5C729D8-1B9B-46E4-88B9-26841C34C3AD}.Release|x86.Build.0 = Release|Any CPU
		{5C8923C1-43D4-4DDC-AB2C-41CC4A8EA306}.Debug|Any CPU.ActiveCfg = Debug|Any CPU
		{5C8923C1-43D4-4DDC-AB2C-41CC4A8EA306}.Debug|Any CPU.Build.0 = Debug|Any CPU
		{5C8923C1-43D4-4DDC-AB2C-41CC4A8EA306}.Debug|x86.ActiveCfg = Debug|Any CPU
		{5C8923C1-43D4-4DDC-AB2C-41CC4A8EA306}.Debug|x86.Build.0 = Debug|Any CPU
		{5C8923C1-43D4-4DDC-AB2C-41CC4A8EA306}.Release|Any CPU.ActiveCfg = Release|Any CPU
		{5C8923C1-43D4-4DDC-AB2C-41CC4A8EA306}.Release|Any CPU.Build.0 = Release|Any CPU
		{5C8923C1-43D4-4DDC-AB2C-41CC4A8EA306}.Release|x86.ActiveCfg = Release|Any CPU
		{5C8923C1-43D4-4DDC-AB2C-41CC4A8EA306}.Release|x86.Build.0 = Release|Any CPU
		{8BFC63FD-1A64-4F0C-934E-DED6A5D53B74}.Debug|Any CPU.ActiveCfg = Debug|Any CPU
		{8BFC63FD-1A64-4F0C-934E-DED6A5D53B74}.Debug|Any CPU.Build.0 = Debug|Any CPU
		{8BFC63FD-1A64-4F0C-934E-DED6A5D53B74}.Debug|x86.ActiveCfg = Debug|Any CPU
		{8BFC63FD-1A64-4F0C-934E-DED6A5D53B74}.Debug|x86.Build.0 = Debug|Any CPU
		{8BFC63FD-1A64-4F0C-934E-DED6A5D53B74}.Release|Any CPU.ActiveCfg = Release|Any CPU
		{8BFC63FD-1A64-4F0C-934E-DED6A5D53B74}.Release|Any CPU.Build.0 = Release|Any CPU
		{8BFC63FD-1A64-4F0C-934E-DED6A5D53B74}.Release|x86.ActiveCfg = Release|Any CPU
		{8BFC63FD-1A64-4F0C-934E-DED6A5D53B74}.Release|x86.Build.0 = Release|Any CPU
		{9AA74EDD-BBEF-4062-B02E-90AC0EB0A081}.Debug|Any CPU.ActiveCfg = Debug|Any CPU
		{9AA74EDD-BBEF-4062-B02E-90AC0EB0A081}.Debug|Any CPU.Build.0 = Debug|Any CPU
		{9AA74EDD-BBEF-4062-B02E-90AC0EB0A081}.Debug|x86.ActiveCfg = Debug|Any CPU
		{9AA74EDD-BBEF-4062-B02E-90AC0EB0A081}.Debug|x86.Build.0 = Debug|Any CPU
		{9AA74EDD-BBEF-4062-B02E-90AC0EB0A081}.Release|Any CPU.ActiveCfg = Release|Any CPU
		{9AA74EDD-BBEF-4062-B02E-90AC0EB0A081}.Release|Any CPU.Build.0 = Release|Any CPU
		{9AA74EDD-BBEF-4062-B02E-90AC0EB0A081}.Release|x86.ActiveCfg = Release|Any CPU
		{9AA74EDD-BBEF-4062-B02E-90AC0EB0A081}.Release|x86.Build.0 = Release|Any CPU
		{72A617B8-EB98-403D-984C-1AD24A2C12B7}.Debug|Any CPU.ActiveCfg = Debug|Any CPU
		{72A617B8-EB98-403D-984C-1AD24A2C12B7}.Debug|Any CPU.Build.0 = Debug|Any CPU
		{72A617B8-EB98-403D-984C-1AD24A2C12B7}.Debug|x86.ActiveCfg = Debug|Any CPU
		{72A617B8-EB98-403D-984C-1AD24A2C12B7}.Debug|x86.Build.0 = Debug|Any CPU
		{72A617B8-EB98-403D-984C-1AD24A2C12B7}.Release|Any CPU.ActiveCfg = Release|Any CPU
		{72A617B8-EB98-403D-984C-1AD24A2C12B7}.Release|Any CPU.Build.0 = Release|Any CPU
		{72A617B8-EB98-403D-984C-1AD24A2C12B7}.Release|x86.ActiveCfg = Release|Any CPU
		{72A617B8-EB98-403D-984C-1AD24A2C12B7}.Release|x86.Build.0 = Release|Any CPU
		{3DE2109A-36C1-440A-BB89-459ABE74828E}.Debug|Any CPU.ActiveCfg = Debug|Any CPU
		{3DE2109A-36C1-440A-BB89-459ABE74828E}.Debug|Any CPU.Build.0 = Debug|Any CPU
		{3DE2109A-36C1-440A-BB89-459ABE74828E}.Debug|x86.ActiveCfg = Debug|Any CPU
		{3DE2109A-36C1-440A-BB89-459ABE74828E}.Debug|x86.Build.0 = Debug|Any CPU
		{3DE2109A-36C1-440A-BB89-459ABE74828E}.Release|Any CPU.ActiveCfg = Release|Any CPU
		{3DE2109A-36C1-440A-BB89-459ABE74828E}.Release|Any CPU.Build.0 = Release|Any CPU
		{3DE2109A-36C1-440A-BB89-459ABE74828E}.Release|x86.ActiveCfg = Release|Any CPU
		{3DE2109A-36C1-440A-BB89-459ABE74828E}.Release|x86.Build.0 = Release|Any CPU
		{AFF9D33D-716B-468B-BE06-E7AF9C3C1E41}.Debug|Any CPU.ActiveCfg = Debug|Any CPU
		{AFF9D33D-716B-468B-BE06-E7AF9C3C1E41}.Debug|Any CPU.Build.0 = Debug|Any CPU
		{AFF9D33D-716B-468B-BE06-E7AF9C3C1E41}.Debug|x86.ActiveCfg = Debug|Any CPU
		{AFF9D33D-716B-468B-BE06-E7AF9C3C1E41}.Debug|x86.Build.0 = Debug|Any CPU
		{AFF9D33D-716B-468B-BE06-E7AF9C3C1E41}.Release|Any CPU.ActiveCfg = Release|Any CPU
		{AFF9D33D-716B-468B-BE06-E7AF9C3C1E41}.Release|Any CPU.Build.0 = Release|Any CPU
		{AFF9D33D-716B-468B-BE06-E7AF9C3C1E41}.Release|x86.ActiveCfg = Release|Any CPU
		{AFF9D33D-716B-468B-BE06-E7AF9C3C1E41}.Release|x86.Build.0 = Release|Any CPU
		{0A0F7EF2-0898-4D1D-80DB-9AAF03EDC325}.Debug|Any CPU.ActiveCfg = Debug|Any CPU
		{0A0F7EF2-0898-4D1D-80DB-9AAF03EDC325}.Debug|Any CPU.Build.0 = Debug|Any CPU
		{0A0F7EF2-0898-4D1D-80DB-9AAF03EDC325}.Debug|x86.ActiveCfg = Debug|Any CPU
		{0A0F7EF2-0898-4D1D-80DB-9AAF03EDC325}.Debug|x86.Build.0 = Debug|Any CPU
		{0A0F7EF2-0898-4D1D-80DB-9AAF03EDC325}.Release|Any CPU.ActiveCfg = Release|Any CPU
		{0A0F7EF2-0898-4D1D-80DB-9AAF03EDC325}.Release|Any CPU.Build.0 = Release|Any CPU
		{0A0F7EF2-0898-4D1D-80DB-9AAF03EDC325}.Release|x86.ActiveCfg = Release|Any CPU
		{0A0F7EF2-0898-4D1D-80DB-9AAF03EDC325}.Release|x86.Build.0 = Release|Any CPU
		{2A6AB580-1DEC-4374-B40C-8D52CB763E6F}.Debug|Any CPU.ActiveCfg = Debug|Any CPU
		{2A6AB580-1DEC-4374-B40C-8D52CB763E6F}.Debug|Any CPU.Build.0 = Debug|Any CPU
		{2A6AB580-1DEC-4374-B40C-8D52CB763E6F}.Debug|x86.ActiveCfg = Debug|Any CPU
		{2A6AB580-1DEC-4374-B40C-8D52CB763E6F}.Debug|x86.Build.0 = Debug|Any CPU
		{2A6AB580-1DEC-4374-B40C-8D52CB763E6F}.Release|Any CPU.ActiveCfg = Release|Any CPU
		{2A6AB580-1DEC-4374-B40C-8D52CB763E6F}.Release|Any CPU.Build.0 = Release|Any CPU
		{2A6AB580-1DEC-4374-B40C-8D52CB763E6F}.Release|x86.ActiveCfg = Release|Any CPU
		{2A6AB580-1DEC-4374-B40C-8D52CB763E6F}.Release|x86.Build.0 = Release|Any CPU
		{7C2AFE34-2C0F-4770-ABD7-3C0FE1D0E25B}.Debug|Any CPU.ActiveCfg = Debug|Any CPU
		{7C2AFE34-2C0F-4770-ABD7-3C0FE1D0E25B}.Debug|Any CPU.Build.0 = Debug|Any CPU
		{7C2AFE34-2C0F-4770-ABD7-3C0FE1D0E25B}.Debug|x86.ActiveCfg = Debug|Any CPU
		{7C2AFE34-2C0F-4770-ABD7-3C0FE1D0E25B}.Debug|x86.Build.0 = Debug|Any CPU
		{7C2AFE34-2C0F-4770-ABD7-3C0FE1D0E25B}.Release|Any CPU.ActiveCfg = Release|Any CPU
		{7C2AFE34-2C0F-4770-ABD7-3C0FE1D0E25B}.Release|Any CPU.Build.0 = Release|Any CPU
		{7C2AFE34-2C0F-4770-ABD7-3C0FE1D0E25B}.Release|x86.ActiveCfg = Release|Any CPU
		{7C2AFE34-2C0F-4770-ABD7-3C0FE1D0E25B}.Release|x86.Build.0 = Release|Any CPU
		{A7B956D1-4F6C-4D35-915F-112AE7946675}.Debug|Any CPU.ActiveCfg = Debug|Any CPU
		{A7B956D1-4F6C-4D35-915F-112AE7946675}.Debug|Any CPU.Build.0 = Debug|Any CPU
		{A7B956D1-4F6C-4D35-915F-112AE7946675}.Debug|x86.ActiveCfg = Debug|Any CPU
		{A7B956D1-4F6C-4D35-915F-112AE7946675}.Debug|x86.Build.0 = Debug|Any CPU
		{A7B956D1-4F6C-4D35-915F-112AE7946675}.Release|Any CPU.ActiveCfg = Release|Any CPU
		{A7B956D1-4F6C-4D35-915F-112AE7946675}.Release|Any CPU.Build.0 = Release|Any CPU
		{A7B956D1-4F6C-4D35-915F-112AE7946675}.Release|x86.ActiveCfg = Release|Any CPU
		{A7B956D1-4F6C-4D35-915F-112AE7946675}.Release|x86.Build.0 = Release|Any CPU
		{24477268-E693-48F0-9726-88C3E83A7625}.Debug|Any CPU.ActiveCfg = Debug|Any CPU
		{24477268-E693-48F0-9726-88C3E83A7625}.Debug|Any CPU.Build.0 = Debug|Any CPU
		{24477268-E693-48F0-9726-88C3E83A7625}.Debug|x86.ActiveCfg = Debug|Any CPU
		{24477268-E693-48F0-9726-88C3E83A7625}.Debug|x86.Build.0 = Debug|Any CPU
		{24477268-E693-48F0-9726-88C3E83A7625}.Release|Any CPU.ActiveCfg = Release|Any CPU
		{24477268-E693-48F0-9726-88C3E83A7625}.Release|Any CPU.Build.0 = Release|Any CPU
		{24477268-E693-48F0-9726-88C3E83A7625}.Release|x86.ActiveCfg = Release|Any CPU
		{24477268-E693-48F0-9726-88C3E83A7625}.Release|x86.Build.0 = Release|Any CPU
		{EC96DB1B-E6D2-4224-A409-CD3586A16731}.Debug|Any CPU.ActiveCfg = Debug|Any CPU
		{EC96DB1B-E6D2-4224-A409-CD3586A16731}.Debug|Any CPU.Build.0 = Debug|Any CPU
		{EC96DB1B-E6D2-4224-A409-CD3586A16731}.Debug|x86.ActiveCfg = Debug|Any CPU
		{EC96DB1B-E6D2-4224-A409-CD3586A16731}.Debug|x86.Build.0 = Debug|Any CPU
		{EC96DB1B-E6D2-4224-A409-CD3586A16731}.Release|Any CPU.ActiveCfg = Release|Any CPU
		{EC96DB1B-E6D2-4224-A409-CD3586A16731}.Release|Any CPU.Build.0 = Release|Any CPU
		{EC96DB1B-E6D2-4224-A409-CD3586A16731}.Release|x86.ActiveCfg = Release|Any CPU
		{EC96DB1B-E6D2-4224-A409-CD3586A16731}.Release|x86.Build.0 = Release|Any CPU
		{0BABEA5A-6275-41FD-B4F2-374A4CD1BE6B}.Debug|Any CPU.ActiveCfg = Debug|Any CPU
		{0BABEA5A-6275-41FD-B4F2-374A4CD1BE6B}.Debug|Any CPU.Build.0 = Debug|Any CPU
		{0BABEA5A-6275-41FD-B4F2-374A4CD1BE6B}.Debug|x86.ActiveCfg = Debug|Any CPU
		{0BABEA5A-6275-41FD-B4F2-374A4CD1BE6B}.Debug|x86.Build.0 = Debug|Any CPU
		{0BABEA5A-6275-41FD-B4F2-374A4CD1BE6B}.Release|Any CPU.ActiveCfg = Release|Any CPU
		{0BABEA5A-6275-41FD-B4F2-374A4CD1BE6B}.Release|Any CPU.Build.0 = Release|Any CPU
		{0BABEA5A-6275-41FD-B4F2-374A4CD1BE6B}.Release|x86.ActiveCfg = Release|Any CPU
		{0BABEA5A-6275-41FD-B4F2-374A4CD1BE6B}.Release|x86.Build.0 = Release|Any CPU
		{B617D768-7D25-49F3-B343-474ECB629875}.Debug|Any CPU.ActiveCfg = Debug|Any CPU
		{B617D768-7D25-49F3-B343-474ECB629875}.Debug|Any CPU.Build.0 = Debug|Any CPU
		{B617D768-7D25-49F3-B343-474ECB629875}.Debug|x86.ActiveCfg = Debug|Any CPU
		{B617D768-7D25-49F3-B343-474ECB629875}.Debug|x86.Build.0 = Debug|Any CPU
		{B617D768-7D25-49F3-B343-474ECB629875}.Release|Any CPU.ActiveCfg = Release|Any CPU
		{B617D768-7D25-49F3-B343-474ECB629875}.Release|Any CPU.Build.0 = Release|Any CPU
		{B617D768-7D25-49F3-B343-474ECB629875}.Release|x86.ActiveCfg = Release|Any CPU
		{B617D768-7D25-49F3-B343-474ECB629875}.Release|x86.Build.0 = Release|Any CPU
		{03C921D4-B1A9-4BD5-90F2-CB6C1A6DF143}.Debug|Any CPU.ActiveCfg = Debug|Any CPU
		{03C921D4-B1A9-4BD5-90F2-CB6C1A6DF143}.Debug|Any CPU.Build.0 = Debug|Any CPU
		{03C921D4-B1A9-4BD5-90F2-CB6C1A6DF143}.Debug|x86.ActiveCfg = Debug|Any CPU
		{03C921D4-B1A9-4BD5-90F2-CB6C1A6DF143}.Debug|x86.Build.0 = Debug|Any CPU
		{03C921D4-B1A9-4BD5-90F2-CB6C1A6DF143}.Release|Any CPU.ActiveCfg = Release|Any CPU
		{03C921D4-B1A9-4BD5-90F2-CB6C1A6DF143}.Release|Any CPU.Build.0 = Release|Any CPU
		{03C921D4-B1A9-4BD5-90F2-CB6C1A6DF143}.Release|x86.ActiveCfg = Release|Any CPU
		{03C921D4-B1A9-4BD5-90F2-CB6C1A6DF143}.Release|x86.Build.0 = Release|Any CPU
		{0439F834-ED9E-4967-B47F-09A656D8C822}.Debug|Any CPU.ActiveCfg = Debug|Any CPU
		{0439F834-ED9E-4967-B47F-09A656D8C822}.Debug|Any CPU.Build.0 = Debug|Any CPU
		{0439F834-ED9E-4967-B47F-09A656D8C822}.Debug|x86.ActiveCfg = Debug|Any CPU
		{0439F834-ED9E-4967-B47F-09A656D8C822}.Debug|x86.Build.0 = Debug|Any CPU
		{0439F834-ED9E-4967-B47F-09A656D8C822}.Release|Any CPU.ActiveCfg = Release|Any CPU
		{0439F834-ED9E-4967-B47F-09A656D8C822}.Release|Any CPU.Build.0 = Release|Any CPU
		{0439F834-ED9E-4967-B47F-09A656D8C822}.Release|x86.ActiveCfg = Release|Any CPU
		{0439F834-ED9E-4967-B47F-09A656D8C822}.Release|x86.Build.0 = Release|Any CPU
	EndGlobalSection
	GlobalSection(SolutionProperties) = preSolution
		HideSolutionNode = FALSE
	EndGlobalSection
	GlobalSection(NestedProjects) = preSolution
		{0CF9FE36-08C3-4A60-939F-17C17C5FDF5C} = {A1E3DC45-703F-481D-AE7C-3EF03D52D1EC}
		{4F38721A-C839-4BB7-8A20-383BD816C391} = {A1E3DC45-703F-481D-AE7C-3EF03D52D1EC}
		{E5B53A73-2F24-44D9-AEDE-8AA862074C58} = {DBD920CF-10A7-4DA8-A528-16573863361A}
		{A86AF33C-469F-47C8-B168-444FA0B66E90} = {DBD920CF-10A7-4DA8-A528-16573863361A}
		{C9F428E0-218E-4348-9D24-2BD3FE9098EB} = {165EA287-3158-422D-B9C3-25EC4CB71258}
		{29F25A1E-A00B-4EF6-BFE2-860996FE280E} = {165EA287-3158-422D-B9C3-25EC4CB71258}
		{58AAA5F3-D0B2-4439-BEEB-14782F048E55} = {14460466-FDCD-46D9-A438-031F304C5F05}
		{B809BDAF-B07F-49D1-8477-2108EB9D9FD1} = {14460466-FDCD-46D9-A438-031F304C5F05}
		{F8E2DE36-1E8A-4A35-801E-9416A0C1C63A} = {AD71CBE1-90F3-483A-B884-BAFDDB872DE3}
		{E84565BE-9361-443F-A008-9F69A571FAFE} = {AD71CBE1-90F3-483A-B884-BAFDDB872DE3}
		{38DE3186-842E-44BF-880D-7C312F82BCDC} = {14460466-FDCD-46D9-A438-031F304C5F05}
		{0A98923B-2463-4727-AD33-E6D73E5C2D46} = {F58A893D-4AAE-4A8C-90AE-97FDBA4E3EE6}
		{B1D3FE58-FAB8-46A3-8C87-1F178E619A5F} = {F58A893D-4AAE-4A8C-90AE-97FDBA4E3EE6}
		{8733975D-729C-4FDC-ABA0-8B425F0A1D29} = {DBD920CF-10A7-4DA8-A528-16573863361A}
		{9429D846-CC15-4CDD-A837-8367173DEC43} = {A1E3DC45-703F-481D-AE7C-3EF03D52D1EC}
		{EAE47082-8B8C-4188-A5C0-44FA4C42B21D} = {A1E3DC45-703F-481D-AE7C-3EF03D52D1EC}
		{DF355B50-8FF6-4149-8C40-C7AB338C0B0C} = {A1E3DC45-703F-481D-AE7C-3EF03D52D1EC}
		{E5C729D8-1B9B-46E4-88B9-26841C34C3AD} = {7990F16B-41D8-4D53-AE44-CAD41B7157C7}
		{5C8923C1-43D4-4DDC-AB2C-41CC4A8EA306} = {7D6F00D2-DCE7-4551-85DA-9738864943D9}
		{8BFC63FD-1A64-4F0C-934E-DED6A5D53B74} = {7D6F00D2-DCE7-4551-85DA-9738864943D9}
		{9AA74EDD-BBEF-4062-B02E-90AC0EB0A081} = {7D6F00D2-DCE7-4551-85DA-9738864943D9}
		{72A617B8-EB98-403D-984C-1AD24A2C12B7} = {7D6F00D2-DCE7-4551-85DA-9738864943D9}
		{3DE2109A-36C1-440A-BB89-459ABE74828E} = {165EA287-3158-422D-B9C3-25EC4CB71258}
		{AFF9D33D-716B-468B-BE06-E7AF9C3C1E41} = {7D6F00D2-DCE7-4551-85DA-9738864943D9}
		{0A0F7EF2-0898-4D1D-80DB-9AAF03EDC325} = {165EA287-3158-422D-B9C3-25EC4CB71258}
		{2A6AB580-1DEC-4374-B40C-8D52CB763E6F} = {165EA287-3158-422D-B9C3-25EC4CB71258}
		{7C2AFE34-2C0F-4770-ABD7-3C0FE1D0E25B} = {165EA287-3158-422D-B9C3-25EC4CB71258}
		{A7B956D1-4F6C-4D35-915F-112AE7946675} = {7D6F00D2-DCE7-4551-85DA-9738864943D9}
		{24477268-E693-48F0-9726-88C3E83A7625} = {7D6F00D2-DCE7-4551-85DA-9738864943D9}
		{EC96DB1B-E6D2-4224-A409-CD3586A16731} = {7990F16B-41D8-4D53-AE44-CAD41B7157C7}
		{0BABEA5A-6275-41FD-B4F2-374A4CD1BE6B} = {165EA287-3158-422D-B9C3-25EC4CB71258}
		{B617D768-7D25-49F3-B343-474ECB629875} = {14460466-FDCD-46D9-A438-031F304C5F05}
		{03C921D4-B1A9-4BD5-90F2-CB6C1A6DF143} = {AB7BFC7E-A55A-43E9-8EA9-5E7D6FBA6537}
		{0439F834-ED9E-4967-B47F-09A656D8C822} = {DBD920CF-10A7-4DA8-A528-16573863361A}
	EndGlobalSection
	GlobalSection(ExtensibilityGlobals) = postSolution
		SolutionGuid = {B12546F7-A396-432F-AA76-0FAC75C49110}
	EndGlobalSection
EndGlobal
